
Microsoft Visual Studio Solution File, Format Version 12.00
# Visual Studio Version 17
VisualStudioVersion = 17.1.32407.343
MinimumVisualStudioVersion = 10.0.40219.1
Project("{FAE04EC0-301F-11D3-BF4B-00C04F79EFBC}") = "2. DelegatesAndLambdas", "2. DelegatesAndLambdas.csproj", "{BAB2661A-A52D-4C43-86A0-5FD4FC884850}"
EndProject
Global
	GlobalSection(SolutionConfigurationPlatforms) = preSolution
		Debug|Any CPU = Debug|Any CPU
		Release|Any CPU = Release|Any CPU
	EndGlobalSection
	GlobalSection(ProjectConfigurationPlatforms) = postSolution
		{BAB2661A-A52D-4C43-86A0-5FD4FC884850}.Debug|Any CPU.ActiveCfg = Debug|Any CPU
		{BAB2661A-A52D-4C43-86A0-5FD4FC884850}.Debug|Any CPU.Build.0 = Debug|Any CPU
		{BAB2661A-A52D-4C43-86A0-5FD4FC884850}.Release|Any CPU.ActiveCfg = Release|Any CPU
		{BAB2661A-A52D-4C43-86A0-5FD4FC884850}.Release|Any CPU.Build.0 = Release|Any CPU
	EndGlobalSection
	GlobalSection(SolutionProperties) = preSolution
		HideSolutionNode = FALSE
	EndGlobalSection
	GlobalSection(ExtensibilityGlobals) = postSolution
		SolutionGuid = {AF3BA9C6-4159-47E1-A853-454581E724A4}
	EndGlobalSection
EndGlobal
